
Microsoft Visual Studio Solution File, Format Version 12.00
# Visual Studio Version 16
VisualStudioVersion = 16.0.29613.14
MinimumVisualStudioVersion = 10.0.40219.1
Project("{888888A0-9F3D-457C-B088-3A5042F75D52}") = "ycxBasic", "ycxBasic.pyproj", "{81A228ED-1AF2-4DC4-8ECE-ADBD06911573}"
EndProject
Global
	GlobalSection(SolutionConfigurationPlatforms) = preSolution
		Debug|Any CPU = Debug|Any CPU
		Release|Any CPU = Release|Any CPU
	EndGlobalSection
	GlobalSection(ProjectConfigurationPlatforms) = postSolution
		{81A228ED-1AF2-4DC4-8ECE-ADBD06911573}.Debug|Any CPU.ActiveCfg = Debug|Any CPU
		{81A228ED-1AF2-4DC4-8ECE-ADBD06911573}.Release|Any CPU.ActiveCfg = Release|Any CPU
	EndGlobalSection
	GlobalSection(SolutionProperties) = preSolution
		HideSolutionNode = FALSE
	EndGlobalSection
	GlobalSection(ExtensibilityGlobals) = postSolution
		SolutionGuid = {CBFCCAF3-A5D6-499C-BA61-1509B9024B24}
	EndGlobalSection
EndGlobal
